{
    "_meta": {
        "hash": {
            "sha256": "9b134ac73afdae26dfbc50b431975b35e37b45a9a1ba03452c2142ae20fcb9e1"
        },
        "pipfile-spec": 6,
        "requires": {
            "python_version": "3.10"
        },
        "sources": [
            {
                "name": "pypi",
                "url": "https://pypi.org/simple",
                "verify_ssl": true
            }
        ]
    },
    "default": {
        "beautifulsoup4": {
            "hashes": [
                "sha256:58d5c3d29f5a36ffeb94f02f0d786cd53014cf9b3b3951d42e0080d8a9498d30",
                "sha256:ad9aa55b65ef2808eb405f46cf74df7fcb7044d5cbc26487f96eb2ef2e436693"
            ],
            "index": "pypi",
            "version": "==4.11.1"
        },
        "click": {
            "hashes": [
                "sha256:7682dc8afb30297001674575ea00d1814d808d6a36af415a82bd481d37ba7b8e",
                "sha256:bb4d8133cb15a609f44e8213d9b391b0809795062913b383c62be0ee95b1db48"
            ],
            "markers": "python_version >= '3.7'",
            "version": "==8.1.3"
        },
        "jarowinkler": {
            "hashes": [
                "sha256:04a451348e72b1703902faae9456e53aff25d9428a674d61d9d42a12780da7ae",
                "sha256:068e7785ad2bbca5092c13cdf2720a8a968ae46f0e2972f76faa5de5185d911b",
                "sha256:088d1da357dc9781e85385e6437275e676333a30416d2b1cdde3936bb9abc80f",
                "sha256:09730ced0acb262396465086174229ac40328fdee57a698d0c033cf1c7447039",
                "sha256:0a84aac689fd95b45865122a36843f18aa0a58664c44558ea809060b200b1cf1",
                "sha256:0b8b7c178ff0b8089815938d9c9b3f2bc17ab785dc5590a3ee5413a980c4872c",
                "sha256:0e242e7c2d65865cf81e98d35ce0d51f165e1739bcd1fffa450beb55ddea2aaa",
                "sha256:116a5e8d8113b026f5c79a446c996282c70e6b1d2a9cc6fa335193a0a5d4fb11",
                "sha256:1859480ae1140e06e3c99886623711b0bbede53754201cad92e6c087e6f42123",
                "sha256:193bc642d46cfade301f5c7684b4254035f3a870e8f608f7a46a4c4d66cc625a",
                "sha256:206364a885ce296f7f79c669734317f2741f6bbd964907e49e3b9ea0e9de5029",
                "sha256:245225d69ea54a4f3875c243a4448da235f31de2c8280fad597732815d22cc4b",
                "sha256:25a7fd1c00beb08f023c28fa8e6c27939daac4ae5d700b875dd0f2c6e352fdb7",
                "sha256:27068fb2073a5dcb265411dd7c9beb2bf7fca5c5e1fb4de35eb2562bd89a6462",
                "sha256:2760ba9c3c702c68c1d6b04da50bfa2595de87cb2f57ca65d14abc9f5fa587bb",
                "sha256:2e265c6a3c87872a4badd72d7e2beb4ef968b9d04f024f4ce3e6e4e048f767e1",
                "sha256:2ea7ae636db15ca1143382681b41ca77cc6743aa48772455de0d5a172159ea13",
                "sha256:32eefc177aa6ca6f3aeb660b1923dd82527686f7a522e0267c877a511361bb25",
                "sha256:3873cae784f744dab3c592aecacab8c584c3a5156dc402528b07372449559ae5",
                "sha256:3b6fce44c7bcbbaa38678cebc9fb0af0604aff234644976c6b7816257ce42420",
                "sha256:40d17decb4a34be5f086cf3d492264003cd9412e85e4ad182a43b885ae89fa60",
                "sha256:41b8c9eae4662fc96c71d9192ba6d30f43433ff4fd20398920c276245fe414ce",
                "sha256:41fad5783c09352a0bc1a0290fdbfd08d7301a6cf7c933c9b8b6fc0d07332aae",
                "sha256:438ff34e4cf801562e87fdf0319d6deeb839aaaf4e4e1a7e300e28f365f52cd1",
                "sha256:46307dd8b0026f8062ff31fccd676dafd63f75f2bca4a29110b7b17bdf12d2c6",
                "sha256:46b2106b56329699c2f775b65747940aaafd077dac124aae7864de4dcd7a79dd",
                "sha256:4a40c702154034815cd4b74f5c22b90c9741e562afb24592e1f3674b8cd661d1",
                "sha256:4ab4e24cbb27f4602e4b809397ee12138583132a0d3e80a92de1a5f150c9ca58",
                "sha256:4fb7e227c991e0129daf3ca3794325c37aa490333ac6aa223eebb6dbe6b2c059",
                "sha256:5037674a5b41aa22d7a9e1ad53e4560f2441c5584b514e333476db457e5644dc",
                "sha256:51f3d4bae8feac02776561e7d3bc8f449d41cde07203ef36fba49c60fc84921e",
                "sha256:56f24f5778b2f5837459739573c3294b79f274f526ff1406fdb2160e81371db2",
                "sha256:5b9747dab72c7c6a25e98a68ca7e3ba3a9f3a3de574dc635c92fa4551bd58505",
                "sha256:60f6c9889432382fc6ecaae3f29e59ec560152bd1d1246eaca6b8d63c5029cd5",
                "sha256:615c09d4ebe5417c201c4a00cff703d7d5c335350f36b8ae856d1644fe1a38e9",
                "sha256:641ef0750468eb17bfd3a4e4c25ae14d37ecbcc9d7b10abfcf86b3881b1aca3a",
                "sha256:667351b515d4678ceb0e5f596febd38c446c6bc64de1545b2868cd739f4389da",
                "sha256:687d4af42b2fb0450ab0e4cc094ef33e5c42b5f77596b1bd40d4ecb2a18cf99f",
                "sha256:68efe1acfc3e920fc055c15dc139a8bb69ae0c292541a0985ab6df819133e80a",
                "sha256:6cc53c9c2bda481d2184221d13121847b26271a90e2522c96169de7e3b00d704",
                "sha256:6f3213a9878c7f3c0e2a807275d38a9d9848a193dcb5ada748863a7a18a335f9",
                "sha256:7049ef0ab6676837b200c7170492bae58d2780647c847f840615c72ae6ae8f8b",
                "sha256:774b5f0e6daa07e1dae7539d4c691812f0f903fcdcc48d17ee225901ceec5767",
                "sha256:787a2c382e774c0d97a5ebc84c8051e72d82208ae124c8fc07dec09e3e69e885",
                "sha256:78f946d11aeb92aea59e2dea380fc59d54dd22339f3fa79093b71c466057ecca",
                "sha256:793f4fd23c7e361197f8a07a035c059b6254ff4998b1a54d5484e558b78f143a",
                "sha256:7b106de1e1122ebb1663720474be6fcdceffbdf6c2509e3c50d19401f73fe7d3",
                "sha256:84d5672a235c9b0fcdaf4236db78a7ec76384dee43e875016eb60d6365de72f4",
                "sha256:8761c045f1310e682d2f32e17f5054ed7663289c90d63d9fb82af8c233ed1c95",
                "sha256:88e74b1fdbb4251d1ce42b0fd411f540d3da51a04d0b0440f77ddc6b613e4042",
                "sha256:892e7825acae0d4cd21b811e1996d976574e5e209785f644e5830ac4f86b12d7",
                "sha256:8dc8d23c9abc5e61b00917b1bc040a165096fe9d0a1b44aae92199d0c605cc3c",
                "sha256:90c624f1b660884415e0141a2c4fc8446fed00d3d795a9c8afafb6b6e304e8fd",
                "sha256:92196b5238ac9063c91d8221dc38cb3a1c22c68b11e547b52ddaa120cd9a93d9",
                "sha256:9243e428655b956fa564708f037dffb28bc97dd699001c794344281774f3dfda",
                "sha256:926d9174c651b552193239557ff1da0044720d12dc2ad6fb754be29a46926ebb",
                "sha256:940ccc7d3f7fbd4cf220aab2ee106719976a408c13a56bf35d48db0d73d9467b",
                "sha256:94fd891230a08f8b285c78c1799b1e4c44587746cb761e1914873fc2922c8e42",
                "sha256:9511fbbd8a3f6cb979cb35c637e43759607c7102f836aae755e4c2f29c033bac",
                "sha256:9d476d34dbcb4ed8cbfa1e5e7d865440f2c9781cf023d1c64e4d8ec16167b52a",
                "sha256:9e4af981c50ee02eabe26b91091c51750dfef3a9ca4ae8fd9d5bde83ae802d27",
                "sha256:9f76759af8d383b18466b90c0661e54eed41ff5d405ce437000147ba7e4e4d07",
                "sha256:a06e89556baecd2fdcd77ea2f044acca4ffbfcf7f28d42dc9bffd1dc96fca8a8",
                "sha256:a0936d5d98ed56a157b81d36209c562a0e6d3995244ee3117859b5f64be9c653",
                "sha256:a7315dcbfeb73130b9343513cf147c1fc50bfae0988c2b03128fb424b84d3866",
                "sha256:a79bed41cdc671881d04ce1250498a8c5b1444761920a2cb569a09c07d39403d",
                "sha256:a805a091d65f083da44f1bfdeef81818331ab76ae1475959077f41a94ee944ff",
                "sha256:afbe29453712afe00bee3bb21f36fef7852129584c05039df40086cdfed9b95e",
                "sha256:b0895225e4b3fcc1786c7298616f368b0e479cc9f7087ced7a9b2042808fe855",
                "sha256:b1dcfcb35081a08f127ab843bc1a6fb540c7cc5d6670f0126e546e6060243cdd",
                "sha256:b30901cf2012c3aa01f5a9779cd6c7314167cf00750b76f3eba4872f61f830ba",
                "sha256:b440840e67574b4b069c0f298ebd02c1a4fe703b90863e044688d0cad01be636",
                "sha256:bc9b4a802cc69f8aeceed871e4caf1ae305ff0f2d55825d47117f367271d9111",
                "sha256:bf7c3f413c03320d452fb5c00d26177a1c3472c489e4c28f6d10c031a307f325",
                "sha256:cfa6ff2260707e522a814a93c3074337e016ce60493b6b2cb6aa1350aae6e375",
                "sha256:d0a3271494a2298c72372ee064f83445636c257b3c77e4bbe2045ad974c4982f",
                "sha256:d259319d4e37539166a4080ce8ca64b2d9c5c54cd5c2d8136fcaf777186c5c71",
                "sha256:d2ce7fe2a324f425d8639fbdd2b393432e70ff9cae5ddc16e8059b47d16be613",
                "sha256:d32c821e3aef70686c0726fad936adedf39f5f2985a2b9f525fe2da784f39490",
                "sha256:d48b85ccdb4885b1f7c5ff14ac0a179e1e8d13fa7e2380557bc8cfa570f94750",
                "sha256:d61b40b466c258386949329b40d97b2554f3cd4934756bf3931104da1d888236",
                "sha256:dbd784c599e6cb36b0f072ad5502ee98d256cee73d23adc6fa7c5c30d2c614f4",
                "sha256:dc61a8667cb4601801a472732f43319feb16eea7145755415e64462ab660cdc5",
                "sha256:dcfbdb72dcfe2a7a8439243f2c5dccf85be7bd81c65ba9f7ecd73a78aef4ad28",
                "sha256:de0b323a34205326351e5ab9ec103294365285b587e3dafe7361f78f735eaf02",
                "sha256:df33e200e5ea7ce1d2c2253582f5aaccd5fcbb18b9f8c9e67bce000277cceb5f",
                "sha256:dfe72578d3f1c8e0da15685d0e3b75361866dda77fcee411b8402ec794a82cbf",
                "sha256:e006017c2ab73533f96202bdeed7e510738a0ef7585f18cb2ab4122b15e8467e",
                "sha256:e0b822891ef854cf00c4df6269ddf04928d8f65c8741a8766839964cd8732c48",
                "sha256:e61bf2306727e5152f9c67a62c02ef09039181dc0b9611c81266ae46ba695d63",
                "sha256:e7c34879601112fe728f167f099aea227a5a9790e85be09f079f85d94ece4af3",
                "sha256:e90dabfc948838412082e308c37408d36948bb51844f97d3fc2698eaa0d7441e",
                "sha256:ea3d4521d90b0d8bf3174e97b039b5706935ea7830d5ad672363a85a57c30d9e",
                "sha256:f4ac432ffff5c2b119c1d231a37e27ca6b0f5f1fcc5f27f715127df265ba4706",
                "sha256:f571a597ce417cb0fd3647f1adbb69b5793d449b098410eb249de7994c107f88",
                "sha256:f95cc000493db9aacdad56b7890964517a60c8cb275d546524b9669e32922c49",
                "sha256:fce17899e967489ba4b932dc53b7c408454c3e3873eab92c126a98ddb20cc246",
                "sha256:fefb9f8a51bbd3704a9b0fa9ca3a01a66b322e82ac75093bda56a7e108a97801",
                "sha256:ff3de9898a05d7902ed129714f32a66ac79af175a918663831f430da16578573"
            ],
            "markers": "python_version >= '3.6'",
            "version": "==1.2.1"
        },
        "joblib": {
            "hashes": [
                "sha256:4158fcecd13733f8be669be0683b96ebdbbd38d23559f54dca7205aea1bf1e35",
                "sha256:f21f109b3c7ff9d95f8387f752d0d9c34a02aa2f7060c2135f465da0e5160ff6"
            ],
            "markers": "python_version >= '3.6'",
            "version": "==1.1.0"
        },
        "levenshtein": {
            "hashes": [
                "sha256:015d4ab31919e5a95d20313231d872a40552479c822f379498709990901aec90",
                "sha256:06c531c53b57126c5c8e048e3ee8942cee95b9998ef5eeb1bd896a8658cb31f7",
                "sha256:07f83464cfb0623456742ed4c481f3b39dcc352805ffe75faf7f1a0ee2f25c36",
                "sha256:0bc9a18581bd647de8891cf6530125ec1f8dc3b4a714c53b33e0e798fb875030",
                "sha256:0cfa3562aa965a703ac9d054ce01fa61876c58e2b20c7b0854bdccb4a6bb680e",
                "sha256:0fb3457ef40da66ef7521508464fa5692efdea3df7312a1d41488812c5764e48",
                "sha256:117d04d9f678c303e14bce25c38cbb9cd24432d12d2a951dc6be48ec7a2dd7a4",
                "sha256:12b98f9dc52fd2153a80cb9fafd5bbe8e24d395874f1697a429c5062b91c58b1",
                "sha256:13a13873cc5106c976ebdff316c98b125701bc76a8a687d08fc7eecb134be3f9",
                "sha256:16347d00982756ddf4020717a2b41796f7a5cd2be325327b8dd05068e12beecf",
                "sha256:18531b16f0fdae8eb9152a490ffe7c4168dc851d96a798dd6d64e9d725a0c05b",
                "sha256:1958963862b5ee88fa8eef2f3692b449ae4f5a8570a20220c91d187a14050141",
                "sha256:1bdb7292dc869452fb3eee296c1081c98f53e5b12c8faf55d49c864120b4bfaf",
                "sha256:1bf7a4742338e689a4f362ea52a9a668b28f7a6f029cb3f44f81b0a22808e7f8",
                "sha256:1cb301f1ddb73b2460836ee170569314f598e4d0ffa1e611a54f593de4afe495",
                "sha256:2a2b006e726c20d48e1248c21dca683d471f1c246959b0bf7e99f1cef92666e0",
                "sha256:2b766738cf2f7cb755e0cbc5ac2992a2671dcb45e2f9d313403b5d2d2a6e67c3",
                "sha256:34616a2cc0852731d1a6b9540b8e5697d2f531a3399d642d611a2b11db7afd42",
                "sha256:3838240ac3a10fdadeeb972ec09e5c90617c5ffd9f7afa22bac96503f9c0bd87",
                "sha256:39c8181e7f03fe84197b7477de8af6eaedbafaebf4ab4d9b36d7ef1842d8c70d",
                "sha256:3d79b604a762c0c0226beff157b54461d45e400a6c9bc393915e515bc32cd309",
                "sha256:3e986167e9334bfc201a1085827f2e80820603199d94eaa72f72972b9605437b",
                "sha256:402caf5697b5313cb0dc453ea08c168feea5a9177b55e463480cb7a0fbfc4f1b",
                "sha256:40ae1e13231c53cfef78b2acfc5d54cfc8be3493e3504647ed716d6b15e472d5",
                "sha256:41528e4ee6c50fac3172240b0abac27ea741d12aebadd033cdf8173293910ef7",
                "sha256:420278380ff7c21f775a71df8ca3f3378bb9119fa9be927da09cdceaa11412df",
                "sha256:4418053f58179cc7da39e0e88db4bca3722994be9d300d0dd65204247ab7e259",
                "sha256:4753084553464eaa20663d9a2736512c551f1ea2d4b5c156d9f86d9db85731b4",
                "sha256:47bcad7a5bf5a8239fd95bdc3821e625b4ae5ba2ea3c211661ad66ea18984a20",
                "sha256:49314dc37f2710aaa05124a88d7a2847be88b5ecb8fb80e39c4d66588fd992aa",
                "sha256:526a8e4a37b4b9a8e1e9c0f8d010601a4ab2e8007cd0e5e50d0367d4a6a98759",
                "sha256:5cc11989c79f1914102cd26feb7dd56830d49b341a972467e500cdb0f99fa797",
                "sha256:5d9d7b4937a3947feb32a0884917a7b24556cdc1fbd7597d176a04e8d11a2f52",
                "sha256:5e830170ab054ef3b2bf139fe4556749593d8762946134aa2063323cf1f8b9b0",
                "sha256:649859cba069854b700a83f5de7e64111468bf07d2f6ad49c1d85cc87d0cc929",
                "sha256:66cf3c05d4e5f788a7ebf997ac149901ab4dfeef1c9b92c4c58c272f4b4b53d9",
                "sha256:678c63d6a27b3757caa5eb5d52dc36e62d4c52d6fd89f5dc826370c6c0df106b",
                "sha256:6bdfda3e14228f50bb2aa466b800db2e171f13f8c674d563c9bba0bf85499a03",
                "sha256:6c95e69a380d75fb32d80b9390ee4e0435e8690a5c0967103ade4f7bfcdbca6e",
                "sha256:6d2f76404d82949bc5db2f7b7dd3d86a21c214e18dbd714666fe16dd11eff473",
                "sha256:6dc0d843305dc6d0d64ec5b6c6af4e0fad1842742b0c6de6a86d44a533451fba",
                "sha256:6fbfff6dc79ae5c6da4088df00e9f7a009375bfcacafe2e4c1b79d16a12b2e03",
                "sha256:70b9314290d8894b5c1dc5536113e2f443cfaa02d49a306fe7d8ff25d7243327",
                "sha256:7122286ffa5c332e4355bfd6e8c78a4ef8aef03a32e1aa3282dd73ea5109d29e",
                "sha256:71d1c3a8b3fdb4b994dbc9594db1f887a00e1d0d1bfd3b5ab2e8f3ed13f1d92a",
                "sha256:726f586ca653be14a40ddc0b0cea1c5bd22ffe0a4a61820009b582e9b2925b09",
                "sha256:78341278acbfd49292026c114bcedebf6bb353edd875910e5ab87fa958311c71",
                "sha256:7eb5c6827037faefe10858d203a60c14b5cefdce23a9ab92e9292a7b0ee4071c",
                "sha256:7fc6cafe2b12effb8645e73c61f600ddc052b4927c6c68ffb0607fd173dbc12b",
                "sha256:7fd13de9e39279f5e120eccacf4b370beac269191c65191f50cbe9bf7cc0b9ec",
                "sha256:8e11534941e712a58192b3ef94d6c21844245554a2b9017eaba2ffc319180f6f",
                "sha256:8e32bd7a71b2e5c2256a6d71631ad288f878f5558809085a1a5d776c584c15cc",
                "sha256:8f4af15d18677e6b84507ce27ac000d24478ea833523fcc1746ac06e750d9dc2",
                "sha256:8ff28da2ce2fe638f913f05b6080e08c3fa96a1a5f6f514d2d4e3cb5c6fee054",
                "sha256:90443cf65de92735dab3076c0f2d51b0dbcfa7ec0eb7be91cc31eafd40b1711d",
                "sha256:940d248852019867e9574e01b9b017eaf72c01403223d092c0f79bca1519c7d3",
                "sha256:980bcc3870adc89306404f9f35671453dcb99afb1af3cefeabfe4f58a010ff21",
                "sha256:9cad97adf4a2b5ea744536f59e1e607685c9b5c27f2d173460e199321d00c755",
                "sha256:9de60b7531ee45608df9033f6e87315f1306ed8515fde8deb7240bb5049d762d",
                "sha256:9e2a70e644d5e4e7382f2ea5e21555e0028ec1209b9cb99f96b5fecfd6ddae48",
                "sha256:a46508a999875740b712b03ed0e51e04cff32ba82b8f25972fa78389e50eb1b1",
                "sha256:ad171b053bbb7be938662f8369ed1adf73c9740ce926dc6585a4c5906efa495f",
                "sha256:bcc362e30be71392bdc62faa413c4db3569c0ca8aee041be3bfedb59bbddc516",
                "sha256:bcec04fc8bde51c924028623458c8d766b8d7548dec89effba264cbcbf9d07a1",
                "sha256:bcfa186d18bb3dc8a6258d3eec1efb4ffd8cb442a33df1245726d2b59894b55d",
                "sha256:c0269e0c75145f1aeb0309e7d1dc987ddb8f06be76ca6d18ee7b9be16019ce36",
                "sha256:c1750b6d1481905dd168be4c8c4f4bcea76122677aa9f29906783de1f314fa3a",
                "sha256:c33139563e302222fcf6fc1f5c07efe48410d2abde2fb2a41e30ab189e04f28a",
                "sha256:c57272e24152d0f81ea290b8a27d37d01b7381de30499f9749aed8ad95ca5ad5",
                "sha256:c8d0a6acd66510a6f756d172f380dc45ab42e41c61fe9283eb0597c21181876d",
                "sha256:d082e57f385df5abdca295eaa6004d2b6aa16833b06a7f4c9ea241fc6adef85b",
                "sha256:d2c9ce946063322149bfc4252d2b5f46c37893d986b42e39eb81bee2d7f37252",
                "sha256:e1528eb56d74146582aa4180a71c8808f0428fa0e08812c39923cac97faf414a",
                "sha256:e291d107e488e695790c3787de2e37ef1841b89959477a9a168a261430981d76",
                "sha256:e2f9d70cdb578c633ddd203206920b3b54f0fa703fb1fb314c1d54fbe65417af",
                "sha256:f73227d24d0acc7bc5b7d758069f61c3be3a7478cffa0ec9337c50e574c35aa0",
                "sha256:f9a89f8f146f9e2f4dd15d8c87c262de0a37323f10208674ddb248a9d0977242",
                "sha256:f9dfde9b8a0fb800334274250aa1d0e89b4773ea8969533c8c0ac438e292a884",
                "sha256:fd331a71bb024478003f700e88c609fb1424b31b95b08c5186f619c5987b79b0",
                "sha256:fd58533ad81ff5751bbabb195b470ec6d81e187b1043064ad66cf60b086352a5",
                "sha256:ff55924520386c1ff87c3a9a4b7ae84ed565716d149bb0a7295fa48bd88f735f"
            ],
            "index": "pypi",
            "version": "==0.20.2"
        },
        "nltk": {
            "hashes": [
                "sha256:ba3de02490308b248f9b94c8bc1ac0683e9aa2ec49ee78536d8667afb5e3eec8",
                "sha256:d6507d6460cec76d70afea4242a226a7542f85c669177b9c7f562b7cf1b05502"
            ],
            "index": "pypi",
            "version": "==3.7"
        },
        "rapidfuzz": {
            "hashes": [
                "sha256:016935bfd9e19011d012e80d7f42bc523ef244c7d9839d649fbe0d2e3f985ee3",
                "sha256:0339f985a8392c28953e3e48511c1848cb516e8aaf730b1071deec4c9eb8b6f9",
                "sha256:0503250836245e9ab41a7de8b1db9020523c0bc65fa541cd9f32a72a39deb35c",
                "sha256:05bac8b013adad5951675fed36f8ff528b8977f13b134e32dd5afadc35880cc4",
                "sha256:06bb5f94ef242b7fcd031231b055238b32c863ed9197f455b1d4dfd635cad739",
                "sha256:0753a7d612d15ba0859d4fd74ad20a83bd6c5c794061904947b519ec7cc3d4b2",
                "sha256:0b07b94a6be23cb918d19cda7f675f50d2d181f476b32b4d62b04ab5f1c6a74e",
                "sha256:0c48cb893985bc8ae15f250b788fe24da0f0df694ff98dc01274c1dd05545214",
                "sha256:118e60b51e4f16fbdca39a88d300a1736e064eb5ab777eec97c7eaf45e53c434",
                "sha256:17a165575a584671d537eb7b0c0076a18d4cdc6b60a351e92f0a8349819cd126",
                "sha256:17ac7e27932549eedba0deac0a69e4794ba9950404d9ea65464f7374052c29fc",
                "sha256:1d16c1feb6ab0102a2ef1990596ffd3a3650bb63e4ec8278ac364e1316111139",
                "sha256:1fba0333de26c0070f2a7e4488bd5fb44732e199a9eb613b86ab1c544bb8a1cc",
                "sha256:2ba131db707fce93a25580784d13f9865487dff90ae1192e88a34ea6394077be",
                "sha256:315e08ede2fda9b8450ec49bb180b4884b304c79c4cd1d38c54e37e5575cf6ec",
                "sha256:32a252c38df2395e87a725bbc2e4eeab497bf0fedcf0afac03682a85b454f6ba",
                "sha256:3585f073a08d2b143dd6939b58cc68ae77bddc9ea2abaffc21c9d51278894998",
                "sha256:35f2225d8827414866b1df2c885f6a5bf9622547928c052d4669464cb2c2d33c",
                "sha256:38ecdd77af6962e9d44b99f7561b34e9644d3403c694aca8ce80b7d845a92478",
                "sha256:39194055af928f188d70b1c98e0a274d3a8938e4e9447ab142b911b3274d71ba",
                "sha256:398af48bca750be36ea40ac21d033d28bd581c59281d3ecb4e8d1c545e8f4b5b",
                "sha256:3a94a6d053c0a79b1fb042c078954211e7cab5f07316af56282cfda1c9df03f6",
                "sha256:3c122934bc76d0683c986453606c8d0b55ea1bc3e64bf1b73d09c8f798aae24d",
                "sha256:3fa67c9fb26294f6e3a715ed0f7b7c22c9a9b356519fd75c081a576036f3c8ee",
                "sha256:3fe54d01372d3484546b988e4a1cc48630ca4fe85c838755eb24babfc0fad236",
                "sha256:4107beda2e5ad165a9c305d2442b8250e7b2e119b37abe2d1cc581c0979e6c3e",
                "sha256:41f7781deecc8c8a1b419724c8f8d828b1c6751aa4359ec8d61e1cd3f4a0148d",
                "sha256:443e9153e12c507c5ef50ee94b4294056e2f41b0ffb2585020f73d6d0fa6acd3",
                "sha256:460e82b449f08e2246aea83f40c294a15d62085567b21fb25e06ca30eabccd78",
                "sha256:462066cb6f22c847458f41ef119c59f3a978b6e281c478f452fd5f2163b49030",
                "sha256:4759490ab2f8b15117da7c3ff3818b3fa697dc80bfa5f6218741d79ef4719544",
                "sha256:498e1240c7e1b98ed30dbac66c2d076d6c78e003177c6acda8bc9559bd95c4e6",
                "sha256:4cf10538a1975747bffd7d3b6d2022ef6c8a8a69dd9adc0597f53a22ff01858d",
                "sha256:4f1168e9243ac7f1084820c7f9a61402efad0112e4bd3eedce0fb54e884e7fa8",
                "sha256:5057396ce1c83d061677a3120113e7539fc8c28d3f261cbd62f93eaa0b0db8d1",
                "sha256:59a22e09059ccac8a19fd6c1c4439a96d2597acdc1a54b8a8257d9332dfb0b58",
                "sha256:5fd1253362623e9294c086f72ef81e1099dd1f1d495b0dd204077de4f10978ee",
                "sha256:663d41a1948369792ce5f003f0d412e29cfe8f488396a2de380df717621bcae8",
                "sha256:67efefcdb31eb9a88a3999514ffe9a707e1ba24c3eda990ee247c008f45d1a90",
                "sha256:681ad31c76b0ba27d5942ef287e416d82b8e8d317d3c5b0d6c744f47f7150aca",
                "sha256:69da27b1de45ec301bd2ea416fecf27a772dee6e4109961acf92594a77a7d8cf",
                "sha256:6d02a36eaec43d4c6ecfbe8bf8e7137db2c685f6a95a604414de83c0cf6b42a5",
                "sha256:6f6a33106618360a837f4887e195ca66b77282ae32191286348ea3b2f698722e",
                "sha256:77a3cab70bfa18ffeee0a35b00b829a7ed870ad85cf381ea257215e946b707a7",
                "sha256:79147c7e991df451d3a54ad4bb5f1891ca14bbce04e88c5e4955b9416fa8e6ec",
                "sha256:79cbb0d600a6b69bc8507400084f351f7a9509f0346e206efafc2ac69e7c9e2c",
                "sha256:7a249b7e972e9c7d43629c62b0f2b5576eb8c4c09ec784072f1a04d823e537b0",
                "sha256:7b0d90b1a085b59d56283ec3af65197c618459c5bd6b443bd2d3c1b70ea328b8",
                "sha256:7b2a6a989ff6062726ffc3e881e5738d006fa0d6be6b532ed4c020748a6122a0",
                "sha256:7efe29f70c2d1c6e2579fe5b280bd2f6f54238379858d186acdbe2a226beeed4",
                "sha256:7f4751acbdc093ef849bf836cc01ea2c4c7380b42be673a50e915e5336bf1c67",
                "sha256:88451e721ea8e92bbf2021af5705367ca92aade57a46debdd50dbb8194dd7d00",
                "sha256:8a508a353be2f5a8de12119d469fc6e0bde6acb29965f301da0dae0f7791e7ee",
                "sha256:8b5075ab8f40c19093c722d0d962d7f9e9b375f5497c5c8fa9129186c871bc1a",
                "sha256:8c95adb8ffd1d7c9f69c2d25469a8e27c2454ab97e07569c61f7d267e69c27a9",
                "sha256:8d5588d08f8df3a8832fd98cf6c67ff775f9b45b1e23b60d8d10e770cca7260f",
                "sha256:95b992c6c5fc73a2a8b265dbc07729e8733597e927a8f185559d1f8eda2f7590",
                "sha256:989b058eefa4b294d39484939238a3d7dbd0a63e4328d637476a7be33a350cf3",
                "sha256:9f9dcb434065825b143721ea3e5b9ae3dd7b5451139f32d0348b95c529b1df7a",
                "sha256:a2f4c7faa23eb57d93b6995aac40037ebb2602b54715a8540c9434436fbb044c",
                "sha256:a4bbd70943ab52499499521e208ae4ce95ebae2c34c01d37afbbbb06b638769b",
                "sha256:a8123ac72461ced3c125d2b511f2d50eac0b1fbf17b1d66c0d1be5459ae907c6",
                "sha256:a832c23694c8a713116f00e7784d5af3473c664f87fd036f6c07532718436da5",
                "sha256:a9bfc4cbe5ba2422e64727218797c91067cd4d3f9529704b86821351d4468699",
                "sha256:acdcfa617f95980524380a4b8b7be7f914d193887cb2aa095d2f5a7071219653",
                "sha256:adb2f3f8d4d4301d74279abd541d7bb71e82de738ab7be895e1ab525280851d8",
                "sha256:b135b1203a09439348289ee5a2a4173e2a50d5647b0056e8618c112ad69a1031",
                "sha256:b44f82624f57f99607b7e18224be203b31f774345d332465fda2ccf720022020",
                "sha256:b5e8bd94a142bf168ccd2a463e88c97825b518facce864c23e3d044bbdc28962",
                "sha256:b77e4de627d53df0a69fa2cc65c24be79bb49cabac07e24b6e68d4c7c546e2b9",
                "sha256:b7dc0e87c074fa650daf795ba84b2524c80d750a1e22a71e5d3cab09c628cc66",
                "sha256:ba40e10f6613f6316f51e052855ccc8b9716bb9f0d0ecdab6117f65783acf966",
                "sha256:bcf6e573fc618acdd9b26c8ed6cafd0474149e525bb39dc15b45770650292aa4",
                "sha256:bdc9dd0a65244c0ce06fd0657793ebcafbea8abe91315ddc360659a60f9305ba",
                "sha256:bf1a356203c88b48f0b738f5797ec5d531e3015052cf0e695a4a7e0babb0362e",
                "sha256:c0fbba746eaf3bbd4042266d7739ef9496fe09e190dd956a2c67b449dcb50baf",
                "sha256:c441180bf8c89777093927ac18ca255982d4006e9e13ee5d8764d2f5451efae3",
                "sha256:c74319635be9fceb85713bf864748ca96e4bc12081242a001c07567acd5a703e",
                "sha256:c77ad3acf62eaee05057ddaa576cf53737ac6292e2a9bc13f47785bee5c1c90f",
                "sha256:c7b7002bdcac445f3f13d15458a62da1bf1e21c08b1ba3357b37b3f58e6ffa36",
                "sha256:cd5fbf79685f33636044c545a0cdfb4db5e4261a2b9b1a31cb51a598283a96d8",
                "sha256:cdf604fb6ca63a7810a6a61c6b8f1fe6e8281b15d8915fc403cfc0d0369514a0",
                "sha256:cf2c8d14f0439ffec6a36ed99e786fd9dcc9ee7ab6e3a77a5a883458988e88c7",
                "sha256:d147051d5bb0dd30f5a5799bd0979d118efe266d2b8c1cc530a151c3c45956af",
                "sha256:d1ddbb2536443a3fa2627930eae068c74269844ed5aac762b111d655285a9d14",
                "sha256:d33c4dd5c62b542aa94f37c24ef63d1bc613904ef2a073f4d722133f8e9df6f4",
                "sha256:d538395c3f6cf8370ca3d847d6d1d5eaff3dee1378e6dfae281a0be493307a3b",
                "sha256:d6c0d80d066c1ec20a7daf5b2881d935701137383e05b68031bfbb3db7221390",
                "sha256:d6f6dcac3e6cfc55aa9dcc7b1aaf32e4eb0ead120db95dfb9c28d2c4bcfa9098",
                "sha256:d8033fe51bb7947543d1b023dc849e95f60d107e7d06a2444c483145099311f2",
                "sha256:d83d3eb94a7bed800511479e874357ebaa3678e195786777eb5456088430f70e",
                "sha256:e763ff9b822e8036a39d6c31f5e4a4ffd49c6a6490662ec29f64b0f89acb2abd",
                "sha256:e780f8664704052a3a36745314d8b816f117160ee9da56117e236e60f492b3a3",
                "sha256:ec329c6db324d160192d49722962ff68b8bcdf9419ddbd57672e725345c2efe8",
                "sha256:ef077d6287f0c3a14bbf25fb41dc6ff9cb5355780557b222b8c7eb8f8d8d6468",
                "sha256:f8e414ddfebb4d8daf7947158ba5431dc887e1d9c4a49b61a8b63b98a818f506",
                "sha256:fc0aeac9893f0b3f6cefe99daaa79feb5b0717343de08f824081f29e543d6495",
                "sha256:feb640c7465410102dcd84325894e58b98f9fe50353d29131d2309595b880bba",
                "sha256:ff26dfc00f91f0330e4fe1c725616bcc56aa82c1cb6d361ab0bb0ea63a4d2381"
            ],
            "markers": "python_version >= '3.6'",
            "version": "==2.5.0"
        },
        "regex": {
            "hashes": [
                "sha256:03cdd06061426378a83e8a5bdec9cc71b964c35e329f68fb7058d08791780c83",
                "sha256:03d7ff80e3a276ef460baaa745d425162c19d8ea093d60ecf47f52ffee37aea5",
                "sha256:0798f6b97c3f8139c95af7b128a60909f5305b2e431a012083063298b2481e5d",
                "sha256:1228f5a6be5b45ce7b66a69a77682632f0ce64cea1d7da505f33972e01f1f3fe",
                "sha256:14882770017436aabe4cfa2651a9777f9faa2625bc0f6cdaec362697a8a964c3",
                "sha256:15bc8cddffe3a9181572c6bcdf45b145691fff1b5712767e7d7a6ef5d32f424f",
                "sha256:1903a2a6c4463488452e953a49f7e6663cfea9ff5e75b09333cbcc840e727a5b",
                "sha256:1991348464df42a6bc04601e1241dfa4a9ec4d599338dc64760f2c299e1cb996",
                "sha256:1dee18c683a0603445ff9e77ffc39f1a3997f43ee07ae04ac80228fc5565fc4d",
                "sha256:26d6e9a6431626c20821d0165a4c4508acb20a57e4c04ee77c96f01b7fe4c09c",
                "sha256:39ed69803697f1e1e9f1fb1e0b5a8116c55c130745ecd39485cc6255d3b9f046",
                "sha256:3ef5a4ced251a501962d1c8797d15978dd97661721e337cbe88d8bcdb9cd0d56",
                "sha256:3ef700d411b900fcff91f1ef16771bf085a9f9a376d16d8a643e8a20ff6dcb7b",
                "sha256:3f3de4baf25e960a3048a6ecd0246cedcdfeb462a741d55e9a42e91add5a4a99",
                "sha256:42702dba0281bcafbcf194770ecb987d60854946071c622777e6d207b3c169bc",
                "sha256:438b36fbf9446b94325eaeeb1336e2291cd81daeef91b9c728c0946ffbc42ba4",
                "sha256:4433690ff474fd95a3058085aed5fe12ac4e09d4f4b2b983de35e3a6c899afa0",
                "sha256:454c2c81d34eb4e1d015acbca0488789c17fc84188e336365eaa31a16c964c04",
                "sha256:48018c71ce7b2fe80c1eb16b9104d7d04d07567e9333159810a4ae5ef8cdf01f",
                "sha256:4d4640ab9fd3659378eab2ee6f47c3e04b4a269bf206475652c6d8520a9301cc",
                "sha256:50497f3d8a1e8d8055c6da1768c98f5b618039e572aacdcccd642704db6077eb",
                "sha256:50dd20fd10dafd9b697f1c0629285790d86e66946caa2c6a1135f67846d9b495",
                "sha256:513be18bcf5f27076990dd111f72270d33188653e772023985be92a2c5438382",
                "sha256:535a2392a0f11f7df80f43e63a5b69c51bb29a10a690e4ae5ad721b9fe50684d",
                "sha256:55911aba9bae9ad826971d2c80428425625a3dd0c00b94e9bb19361888b983a6",
                "sha256:609a97626bf310e8cd7c79173e6ed8acab7f01ed4519b7936e998b54b3eb8d31",
                "sha256:730cc311757153d59bf2bcf06d4026e3c998c1919c06557ad0e382235049b376",
                "sha256:7378a6fba8a043b3c5fb8cf915044c814ebb2463b0a7137ec09ae0b1b10f5484",
                "sha256:750b5de7982e568c1bb60388dea1c3abd674d1d579b87ef1b945ba4da53eb5e2",
                "sha256:76696de39cbbbf976aa85cbd7b1f3ea2d98b3bc9889f6739fdb6cda85a7f05aa",
                "sha256:89f4c531409ef01aa12b7c15bb489415e219c186725d44bc12a8f279afde3fe2",
                "sha256:8d928237cf78cfe3b46b608f87e255c45a1e11d04e7dd2c49cb60200cbd6f987",
                "sha256:8e324436b7f8bbb8e7b3c4593b01d1dce7215befc83a60569ff34a38d6c250ae",
                "sha256:9163ef45bfebc39838848330cb94f79b563f738c60fc0a20a7f0a30f13ec1573",
                "sha256:91d2a85a4a134011eb517f2a752f4e488b0a4f6b6ad00ef247f9fac57f9ff4f0",
                "sha256:933752abc9931cb53eccbd4ab3aedbcd0f1797c0a1b19ed385952e265636b2b6",
                "sha256:9b8d411a547b47852020242f9c384da35d4c65ccf159ae55a3ba0e50b6220932",
                "sha256:9eec276e6419de4f93824f9373b28a2a8eaed04f28514000cc6a41b64703d804",
                "sha256:a06d6ada6bef79aaa550ef37c7d529da60b81c02838d9dd9c5ab788becfc57d4",
                "sha256:a0c38edcc78556625cbadf48eb87decd5d3c5e82fc4810dd22c19a5498d2329d",
                "sha256:a23653a18c1d69760a2d8b6793478815cf5dc8c12f3b6e608e50aed49829f0ef",
                "sha256:a2afa24d06301f4ffcb00244d30df1c12e65cabf30dcb0ba8b871d6b0c54d19e",
                "sha256:a60840ebd37fe0152b5be50b56e8a958e1430837475311986f867dabad1c7474",
                "sha256:ab950bbafafe9bf2e0a75b9f17291500fa7794f398834f1f4a71c18dddece130",
                "sha256:ae6cd6ce16681d345592d74a0a92b25a9530d4055be460af425e654d891cdee4",
                "sha256:af3d5c74af5ae5d04d597ea61e5e9e0b84e84509e58d1e52aaefbae81cb697bb",
                "sha256:b131c7c94da56f8f1c59b4540c37c20973119608ec8cf42b3ebb40a94f3afc2c",
                "sha256:b24133df3d3c57a901f6a63ba3783d6eed1d0561ed1cafd027f0789e76a10615",
                "sha256:b5f1e598b9b823fb37f2f1baf930bb5f30ae4a3d9b67dfdc63f8f2374f336679",
                "sha256:bbc0c5b350036ce49a8fd6015a29e4621de725fa99d9e985d3d76b820d44e5a9",
                "sha256:bd0883e86964cd61360ffc36dbebbc49b928e92a306f886eab02c11dfde5b7aa",
                "sha256:c942696b541ce6be4e3cc2c963b48671277b38ebd4a28af803b511b2885759b7",
                "sha256:cc018ce0f1b62df155a5b9c9a81464040a87e97fd9bd05e0febe92568c63e678",
                "sha256:ccf10d7d0f25a3c5e123c97ffbab8d4b1429a3c25fbd50812010075bd5d844fd",
                "sha256:d3ce546e54cfafa9dee60b11b7f99b87058d81ab62bd05e366fc5bf6b2c1383a",
                "sha256:dc49d9c6289df4c7895c85094872ef98ce7f609ba0ecbeb77acdd7f8362cda7d",
                "sha256:dd0b115c4fab388b1131c89518cdd98db38d88c55cedfffc71de33c92eeee9c6",
                "sha256:e0c12e5c14eeb5e484c688f2db57ca4a8182d09b40ab69f73147dc32bcdf849d",
                "sha256:e19695f7b8de8a3b7d940288abedf48dfcfc0cd8d36f360e5b1bc5e1c3f02a72",
                "sha256:e1b83baa19355c8dd0ec23e725f18450be01bc464ba1f1865cfada03594fa629",
                "sha256:e2c8f542c5afd36e60237dbbabc95722135047d4c2844b9c4bff74c7177a50a1",
                "sha256:e4a72f70ad7aa3df8244da55cf21e28b6f0640a8d8e0065dfa7ec477dd2b4ea4",
                "sha256:ea9f01224c25101c5f2c6dceebd29d1431525637d596241935640e4de0fbb822",
                "sha256:ed42feff196aaf262db1878d5ac553a3bcef147caf1362e7095f1115b71ae0e1",
                "sha256:f049a9fdacdbc4e84afcec7a3b14a8309699a7347c95a525d49c4b9a9c353cee",
                "sha256:f7329e66c6bd9950eb428f225db3982e5f54e53d3d95951da424dce9aa621eae",
                "sha256:f755fba215ddafa26211e33ac91b48dcebf84ff28590790e5b7711b46fa4095d",
                "sha256:f86be4e30cf2ffcd67845251c8549d70740cd6eec77bd38d977c4c0640eefc24",
                "sha256:f898bf0a9613cc8b7f7af6fdcd80cc8e7659787908834c63391f22271fdb1c14",
                "sha256:fac0dd2f11a165a79e271a04226378a008c83368031c6a9294a6df9cd1c13c05",
                "sha256:fbbf9858a3043f632c9da2a82e4ce895016dfb401f59ab110900121121ee73b7",
                "sha256:fddd2ef742f05a18fde1d1c74df12fa6f426945cfb6fefba3fa1c5380e2dd2bf",
                "sha256:fddd7ddd520661085ffd91f1db74b18e4cf5ed9b6e939aa7d31ca1ea67bc7621",
                "sha256:ff0e0c3a48c635529a1723d2fea9326da1dacdba5db20be1a4eeaf56580e3949"
            ],
            "markers": "python_version >= '3.6'",
            "version": "==2022.7.25"
        },
        "soupsieve": {
            "hashes": [
                "sha256:3b2503d3c7084a42b1ebd08116e5f81aadfaea95863628c80a3b774a11b7c759",
                "sha256:fc53893b3da2c33de295667a0e19f078c14bf86544af307354de5fcf12a3f30d"
            ],
            "markers": "python_version >= '3.6'",
            "version": "==2.3.2.post1"
        },
        "tqdm": {
            "hashes": [
                "sha256:40be55d30e200777a307a7585aee69e4eabb46b4ec6a4b4a5f2d9f11e7d5408d",
                "sha256:74a2cdefe14d11442cedf3ba4e21a3b84ff9a2dbdc6cfae2c34addb2a14a5ea6"
            ],
            "markers": "python_version >= '2.7' and python_version not in '3.0, 3.1, 3.2, 3.3'",
            "version": "==4.64.0"
        }
    },
    "develop": {}
}
