# This file is automatically @generated by Poetry 2.0.0 and should not be changed by hand.

[[package]]
name = "fuzzy-search"
version = "1.6.0"
description = "Tool for fuzzy searching in texts with historical language use and OCR/HTR errors"
optional = false
python-versions = "*"
groups = ["main"]
files = [
    {file = "fuzzy_search-1.6.0-py3-none-any.whl", hash = "sha256:913a9be84321f908107d8981236d6c3bbed206892ac9fb5780ff8fa6877862c2"},
    {file = "fuzzy_search-1.6.0.tar.gz", hash = "sha256:bd8165319ebe8efa538decf5e214f124fb86d5fc79ea543b7d8a8b652abad218"},
]

[metadata]
lock-version = "2.1"
python-versions = "^3.8,<3.13"
content-hash = "81ae266f02259a2cd77a1a3aa6c068f4a83b09e51bb64f693ee8150ea958d024"
