[[package]]
name = "fuzzy-search"
version = "1.6.0"
description = "Tool for fuzzy searching in texts with historical language use and OCR/HTR errors"
category = "main"
optional = false
python-versions = "*"

[metadata]
lock-version = "1.1"
python-versions = "^3.8,<3.11"
content-hash = "97fc6ff8a871f780085c92a81f979bccfebdb4f1fdb4a66ee4c97ed7b777c41f"

[metadata.files]
fuzzy-search = []
